
Microsoft Visual Studio Solution File, Format Version 12.00
# Visual Studio Version 16
VisualStudioVersion = 16.0.30128.74
MinimumVisualStudioVersion = 10.0.40219.1
Project("{FAE04EC0-301F-11D3-BF4B-00C04F79EFBC}") = "Aplicativo", "Aplicativo.csproj", "{38806A58-1362-476B-8351-0FD73BF5E76A}"
EndProject
Global
	GlobalSection(SolutionConfigurationPlatforms) = preSolution
		Debug|Any CPU = Debug|Any CPU
		Release|Any CPU = Release|Any CPU
	EndGlobalSection
	GlobalSection(ProjectConfigurationPlatforms) = postSolution
		{38806A58-1362-476B-8351-0FD73BF5E76A}.Debug|Any CPU.ActiveCfg = Debug|Any CPU
		{38806A58-1362-476B-8351-0FD73BF5E76A}.Debug|Any CPU.Build.0 = Debug|Any CPU
		{38806A58-1362-476B-8351-0FD73BF5E76A}.Release|Any CPU.ActiveCfg = Release|Any CPU
		{38806A58-1362-476B-8351-0FD73BF5E76A}.Release|Any CPU.Build.0 = Release|Any CPU
	EndGlobalSection
	GlobalSection(SolutionProperties) = preSolution
		HideSolutionNode = FALSE
	EndGlobalSection
	GlobalSection(ExtensibilityGlobals) = postSolution
		SolutionGuid = {050CA97E-7883-4AC8-85C6-1B95C2377DB7}
	EndGlobalSection
EndGlobal
